{
  "name": "txt_mem",
  "lockfileVersion": 2,
  "requires": true,
  "packages": {
    "": {
      "dependencies": {
        "markdown-it-plantuml": "^1.4.1",
        "render-plantuml": "^0.2.0"
      }
    },
    "node_modules/markdown-it-plantuml": {
      "version": "1.4.1",
      "resolved": "https://registry.npmjs.org/markdown-it-plantuml/-/markdown-it-plantuml-1.4.1.tgz",
      "integrity": "sha512-13KgnZaGYTHBp4iUmGofzZSBz+Zj6cyqfR0SXUIc9wgWTto5Xhn7NjaXYxY0z7uBeTUMlc9LMQq5uP4OM5xCHg=="
    },
    "node_modules/render-plantuml": {
      "version": "0.2.0",
      "resolved": "https://registry.npmjs.org/render-plantuml/-/render-plantuml-0.2.0.tgz",
      "integrity": "sha512-wZxMpP2n+sGH55dnr6nyFlBOPvQvE4hOmlUAdSbeTHzMQDKz1M977PqvwttivkAzWiP8wha7autZLhezdaGMGw=="
    }
  },
  "dependencies": {
    "markdown-it-plantuml": {
      "version": "1.4.1",
      "resolved": "https://registry.npmjs.org/markdown-it-plantuml/-/markdown-it-plantuml-1.4.1.tgz",
      "integrity": "sha512-13KgnZaGYTHBp4iUmGofzZSBz+Zj6cyqfR0SXUIc9wgWTto5Xhn7NjaXYxY0z7uBeTUMlc9LMQq5uP4OM5xCHg=="
    },
    "render-plantuml": {
      "version": "0.2.0",
      "resolved": "https://registry.npmjs.org/render-plantuml/-/render-plantuml-0.2.0.tgz",
      "integrity": "sha512-wZxMpP2n+sGH55dnr6nyFlBOPvQvE4hOmlUAdSbeTHzMQDKz1M977PqvwttivkAzWiP8wha7autZLhezdaGMGw=="
    }
  }
}
